
Microsoft Visual Studio Solution File, Format Version 12.00
# Visual Studio Version 17
VisualStudioVersion = 17.1.32210.238
MinimumVisualStudioVersion = 10.0.40219.1
Project("{FAE04EC0-301F-11D3-BF4B-00C04F79EFBC}") = "AppQuantidade.UWP", "AppQuantidade\AppQuantidade.UWP\AppQuantidade.UWP.csproj", "{AD55990C-7644-4BB4-9FE6-357D32354EF0}"
EndProject
Project("{FAE04EC0-301F-11D3-BF4B-00C04F79EFBC}") = "AppQuantidade.Android", "AppQuantidade\AppQuantidade.Android\AppQuantidade.Android.csproj", "{A8982FB7-6389-4114-93AC-F9A55F0D4AE5}"
EndProject
Project("{FAE04EC0-301F-11D3-BF4B-00C04F79EFBC}") = "AppQuantidade.iOS", "AppQuantidade\AppQuantidade.iOS\AppQuantidade.iOS.csproj", "{FABFE1E1-2AC9-44AF-BB75-96BE6B368797}"
EndProject
Project("{FAE04EC0-301F-11D3-BF4B-00C04F79EFBC}") = "AppQuantidade", "AppQuantidade\AppQuantidade\AppQuantidade.csproj", "{A6DDA71B-70A2-44A1-9DE7-1DE6D7A4EEAF}"
EndProject
Global
	GlobalSection(SolutionConfigurationPlatforms) = preSolution
		Debug|Any CPU = Debug|Any CPU
		Debug|ARM = Debug|ARM
		Debug|iPhone = Debug|iPhone
		Debug|iPhoneSimulator = Debug|iPhoneSimulator
		Debug|x64 = Debug|x64
		Debug|x86 = Debug|x86
		Release|Any CPU = Release|Any CPU
		Release|ARM = Release|ARM
		Release|iPhone = Release|iPhone
		Release|iPhoneSimulator = Release|iPhoneSimulator
		Release|x64 = Release|x64
		Release|x86 = Release|x86
	EndGlobalSection
	GlobalSection(ProjectConfigurationPlatforms) = postSolution
		{AD55990C-7644-4BB4-9FE6-357D32354EF0}.Debug|Any CPU.ActiveCfg = Debug|x64
		{AD55990C-7644-4BB4-9FE6-357D32354EF0}.Debug|Any CPU.Build.0 = Debug|x64
		{AD55990C-7644-4BB4-9FE6-357D32354EF0}.Debug|Any CPU.Deploy.0 = Debug|x64
		{AD55990C-7644-4BB4-9FE6-357D32354EF0}.Debug|ARM.ActiveCfg = Debug|ARM
		{AD55990C-7644-4BB4-9FE6-357D32354EF0}.Debug|ARM.Build.0 = Debug|ARM
		{AD55990C-7644-4BB4-9FE6-357D32354EF0}.Debug|ARM.Deploy.0 = Debug|ARM
		{AD55990C-7644-4BB4-9FE6-357D32354EF0}.Debug|iPhone.ActiveCfg = Debug|x64
		{AD55990C-7644-4BB4-9FE6-357D32354EF0}.Debug|iPhone.Build.0 = Debug|x64
		{AD55990C-7644-4BB4-9FE6-357D32354EF0}.Debug|iPhone.Deploy.0 = Debug|x64
		{AD55990C-7644-4BB4-9FE6-357D32354EF0}.Debug|iPhoneSimulator.ActiveCfg = Debug|x64
		{AD55990C-7644-4BB4-9FE6-357D32354EF0}.Debug|iPhoneSimulator.Build.0 = Debug|x64
		{AD55990C-7644-4BB4-9FE6-357D32354EF0}.Debug|iPhoneSimulator.Deploy.0 = Debug|x64
		{AD55990C-7644-4BB4-9FE6-357D32354EF0}.Debug|x64.ActiveCfg = Debug|x64
		{AD55990C-7644-4BB4-9FE6-357D32354EF0}.Debug|x64.Build.0 = Debug|x64
		{AD55990C-7644-4BB4-9FE6-357D32354EF0}.Debug|x64.Deploy.0 = Debug|x64
		{AD55990C-7644-4BB4-9FE6-357D32354EF0}.Debug|x86.ActiveCfg = Debug|x86
		{AD55990C-7644-4BB4-9FE6-357D32354EF0}.Debug|x86.Build.0 = Debug|x86
		{AD55990C-7644-4BB4-9FE6-357D32354EF0}.Debug|x86.Deploy.0 = Debug|x86
		{AD55990C-7644-4BB4-9FE6-357D32354EF0}.Release|Any CPU.ActiveCfg = Release|x64
		{AD55990C-7644-4BB4-9FE6-357D32354EF0}.Release|Any CPU.Build.0 = Release|x64
		{AD55990C-7644-4BB4-9FE6-357D32354EF0}.Release|Any CPU.Deploy.0 = Release|x64
		{AD55990C-7644-4BB4-9FE6-357D32354EF0}.Release|ARM.ActiveCfg = Release|ARM
		{AD55990C-7644-4BB4-9FE6-357D32354EF0}.Release|ARM.Build.0 = Release|ARM
		{AD55990C-7644-4BB4-9FE6-357D32354EF0}.Release|ARM.Deploy.0 = Release|ARM
		{AD55990C-7644-4BB4-9FE6-357D32354EF0}.Release|iPhone.ActiveCfg = Release|x64
		{AD55990C-7644-4BB4-9FE6-357D32354EF0}.Release|iPhone.Build.0 = Release|x64
		{AD55990C-7644-4BB4-9FE6-357D32354EF0}.Release|iPhone.Deploy.0 = Release|x64
		{AD55990C-7644-4BB4-9FE6-357D32354EF0}.Release|iPhoneSimulator.ActiveCfg = Release|x64
		{AD55990C-7644-4BB4-9FE6-357D32354EF0}.Release|iPhoneSimulator.Build.0 = Release|x64
		{AD55990C-7644-4BB4-9FE6-357D32354EF0}.Release|iPhoneSimulator.Deploy.0 = Release|x64
		{AD55990C-7644-4BB4-9FE6-357D32354EF0}.Release|x64.ActiveCfg = Release|x64
		{AD55990C-7644-4BB4-9FE6-357D32354EF0}.Release|x64.Build.0 = Release|x64
		{AD55990C-7644-4BB4-9FE6-357D32354EF0}.Release|x64.Deploy.0 = Release|x64
		{AD55990C-7644-4BB4-9FE6-357D32354EF0}.Release|x86.ActiveCfg = Release|x86
		{AD55990C-7644-4BB4-9FE6-357D32354EF0}.Release|x86.Build.0 = Release|x86
		{AD55990C-7644-4BB4-9FE6-357D32354EF0}.Release|x86.Deploy.0 = Release|x86
		{A8982FB7-6389-4114-93AC-F9A55F0D4AE5}.Debug|Any CPU.ActiveCfg = Debug|Any CPU
		{A8982FB7-6389-4114-93AC-F9A55F0D4AE5}.Debug|Any CPU.Build.0 = Debug|Any CPU
		{A8982FB7-6389-4114-93AC-F9A55F0D4AE5}.Debug|Any CPU.Deploy.0 = Debug|Any CPU
		{A8982FB7-6389-4114-93AC-F9A55F0D4AE5}.Debug|ARM.ActiveCfg = Debug|Any CPU
		{A8982FB7-6389-4114-93AC-F9A55F0D4AE5}.Debug|ARM.Build.0 = Debug|Any CPU
		{A8982FB7-6389-4114-93AC-F9A55F0D4AE5}.Debug|ARM.Deploy.0 = Debug|Any CPU
		{A8982FB7-6389-4114-93AC-F9A55F0D4AE5}.Debug|iPhone.ActiveCfg = Debug|Any CPU
		{A8982FB7-6389-4114-93AC-F9A55F0D4AE5}.Debug|iPhone.Build.0 = Debug|Any CPU
		{A8982FB7-6389-4114-93AC-F9A55F0D4AE5}.Debug|iPhone.Deploy.0 = Debug|Any CPU
		{A8982FB7-6389-4114-93AC-F9A55F0D4AE5}.Debug|iPhoneSimulator.ActiveCfg = Debug|Any CPU
		{A8982FB7-6389-4114-93AC-F9A55F0D4AE5}.Debug|iPhoneSimulator.Build.0 = Debug|Any CPU
		{A8982FB7-6389-4114-93AC-F9A55F0D4AE5}.Debug|iPhoneSimulator.Deploy.0 = Debug|Any CPU
		{A8982FB7-6389-4114-93AC-F9A55F0D4AE5}.Debug|x64.ActiveCfg = Debug|Any CPU
		{A8982FB7-6389-4114-93AC-F9A55F0D4AE5}.Debug|x64.Build.0 = Debug|Any CPU
		{A8982FB7-6389-4114-93AC-F9A55F0D4AE5}.Debug|x64.Deploy.0 = Debug|Any CPU
		{A8982FB7-6389-4114-93AC-F9A55F0D4AE5}.Debug|x86.ActiveCfg = Debug|Any CPU
		{A8982FB7-6389-4114-93AC-F9A55F0D4AE5}.Debug|x86.Build.0 = Debug|Any CPU
		{A8982FB7-6389-4114-93AC-F9A55F0D4AE5}.Debug|x86.Deploy.0 = Debug|Any CPU
		{A8982FB7-6389-4114-93AC-F9A55F0D4AE5}.Release|Any CPU.ActiveCfg = Release|Any CPU
		{A8982FB7-6389-4114-93AC-F9A55F0D4AE5}.Release|Any CPU.Build.0 = Release|Any CPU
		{A8982FB7-6389-4114-93AC-F9A55F0D4AE5}.Release|Any CPU.Deploy.0 = Release|Any CPU
		{A8982FB7-6389-4114-93AC-F9A55F0D4AE5}.Release|ARM.ActiveCfg = Release|Any CPU
		{A8982FB7-6389-4114-93AC-F9A55F0D4AE5}.Release|ARM.Build.0 = Release|Any CPU
		{A8982FB7-6389-4114-93AC-F9A55F0D4AE5}.Release|ARM.Deploy.0 = Release|Any CPU
		{A8982FB7-6389-4114-93AC-F9A55F0D4AE5}.Release|iPhone.ActiveCfg = Release|Any CPU
		{A8982FB7-6389-4114-93AC-F9A55F0D4AE5}.Release|iPhone.Build.0 = Release|Any CPU
		{A8982FB7-6389-4114-93AC-F9A55F0D4AE5}.Release|iPhone.Deploy.0 = Release|Any CPU
		{A8982FB7-6389-4114-93AC-F9A55F0D4AE5}.Release|iPhoneSimulator.ActiveCfg = Release|Any CPU
		{A8982FB7-6389-4114-93AC-F9A55F0D4AE5}.Release|iPhoneSimulator.Build.0 = Release|Any CPU
		{A8982FB7-6389-4114-93AC-F9A55F0D4AE5}.Release|iPhoneSimulator.Deploy.0 = Release|Any CPU
		{A8982FB7-6389-4114-93AC-F9A55F0D4AE5}.Release|x64.ActiveCfg = Release|Any CPU
		{A8982FB7-6389-4114-93AC-F9A55F0D4AE5}.Release|x64.Build.0 = Release|Any CPU
		{A8982FB7-6389-4114-93AC-F9A55F0D4AE5}.Release|x64.Deploy.0 = Release|Any CPU
		{A8982FB7-6389-4114-93AC-F9A55F0D4AE5}.Release|x86.ActiveCfg = Release|Any CPU
		{A8982FB7-6389-4114-93AC-F9A55F0D4AE5}.Release|x86.Build.0 = Release|Any CPU
		{A8982FB7-6389-4114-93AC-F9A55F0D4AE5}.Release|x86.Deploy.0 = Release|Any CPU
		{FABFE1E1-2AC9-44AF-BB75-96BE6B368797}.Debug|Any CPU.ActiveCfg = Debug|iPhoneSimulator
		{FABFE1E1-2AC9-44AF-BB75-96BE6B368797}.Debug|Any CPU.Build.0 = Debug|iPhoneSimulator
		{FABFE1E1-2AC9-44AF-BB75-96BE6B368797}.Debug|Any CPU.Deploy.0 = Debug|iPhoneSimulator
		{FABFE1E1-2AC9-44AF-BB75-96BE6B368797}.Debug|ARM.ActiveCfg = Debug|iPhoneSimulator
		{FABFE1E1-2AC9-44AF-BB75-96BE6B368797}.Debug|ARM.Build.0 = Debug|iPhoneSimulator
		{FABFE1E1-2AC9-44AF-BB75-96BE6B368797}.Debug|ARM.Deploy.0 = Debug|iPhoneSimulator
		{FABFE1E1-2AC9-44AF-BB75-96BE6B368797}.Debug|iPhone.ActiveCfg = Debug|iPhone
		{FABFE1E1-2AC9-44AF-BB75-96BE6B368797}.Debug|iPhone.Build.0 = Debug|iPhone
		{FABFE1E1-2AC9-44AF-BB75-96BE6B368797}.Debug|iPhone.Deploy.0 = Debug|iPhone
		{FABFE1E1-2AC9-44AF-BB75-96BE6B368797}.Debug|iPhoneSimulator.ActiveCfg = Debug|iPhoneSimulator
		{FABFE1E1-2AC9-44AF-BB75-96BE6B368797}.Debug|iPhoneSimulator.Build.0 = Debug|iPhoneSimulator
		{FABFE1E1-2AC9-44AF-BB75-96BE6B368797}.Debug|iPhoneSimulator.Deploy.0 = Debug|iPhoneSimulator
		{FABFE1E1-2AC9-44AF-BB75-96BE6B368797}.Debug|x64.ActiveCfg = Debug|iPhone
		{FABFE1E1-2AC9-44AF-BB75-96BE6B368797}.Debug|x64.Build.0 = Debug|iPhone
		{FABFE1E1-2AC9-44AF-BB75-96BE6B368797}.Debug|x64.Deploy.0 = Debug|iPhone
		{FABFE1E1-2AC9-44AF-BB75-96BE6B368797}.Debug|x86.ActiveCfg = Debug|iPhoneSimulator
		{FABFE1E1-2AC9-44AF-BB75-96BE6B368797}.Debug|x86.Build.0 = Debug|iPhoneSimulator
		{FABFE1E1-2AC9-44AF-BB75-96BE6B368797}.Debug|x86.Deploy.0 = Debug|iPhoneSimulator
		{FABFE1E1-2AC9-44AF-BB75-96BE6B368797}.Release|Any CPU.ActiveCfg = Release|iPhoneSimulator
		{FABFE1E1-2AC9-44AF-BB75-96BE6B368797}.Release|Any CPU.Build.0 = Release|iPhoneSimulator
		{FABFE1E1-2AC9-44AF-BB75-96BE6B368797}.Release|Any CPU.Deploy.0 = Release|iPhoneSimulator
		{FABFE1E1-2AC9-44AF-BB75-96BE6B368797}.Release|ARM.ActiveCfg = Release|iPhoneSimulator
		{FABFE1E1-2AC9-44AF-BB75-96BE6B368797}.Release|ARM.Build.0 = Release|iPhoneSimulator
		{FABFE1E1-2AC9-44AF-BB75-96BE6B368797}.Release|ARM.Deploy.0 = Release|iPhoneSimulator
		{FABFE1E1-2AC9-44AF-BB75-96BE6B368797}.Release|iPhone.ActiveCfg = Release|iPhone
		{FABFE1E1-2AC9-44AF-BB75-96BE6B368797}.Release|iPhone.Build.0 = Release|iPhone
		{FABFE1E1-2AC9-44AF-BB75-96BE6B368797}.Release|iPhone.Deploy.0 = Release|iPhone
		{FABFE1E1-2AC9-44AF-BB75-96BE6B368797}.Release|iPhoneSimulator.ActiveCfg = Release|iPhoneSimulator
		{FABFE1E1-2AC9-44AF-BB75-96BE6B368797}.Release|iPhoneSimulator.Build.0 = Release|iPhoneSimulator
		{FABFE1E1-2AC9-44AF-BB75-96BE6B368797}.Release|iPhoneSimulator.Deploy.0 = Release|iPhoneSimulator
		{FABFE1E1-2AC9-44AF-BB75-96BE6B368797}.Release|x64.ActiveCfg = Release|iPhoneSimulator
		{FABFE1E1-2AC9-44AF-BB75-96BE6B368797}.Release|x64.Build.0 = Release|iPhoneSimulator
		{FABFE1E1-2AC9-44AF-BB75-96BE6B368797}.Release|x64.Deploy.0 = Release|iPhoneSimulator
		{FABFE1E1-2AC9-44AF-BB75-96BE6B368797}.Release|x86.ActiveCfg = Release|iPhoneSimulator
		{FABFE1E1-2AC9-44AF-BB75-96BE6B368797}.Release|x86.Build.0 = Release|iPhoneSimulator
		{FABFE1E1-2AC9-44AF-BB75-96BE6B368797}.Release|x86.Deploy.0 = Release|iPhoneSimulator
		{A6DDA71B-70A2-44A1-9DE7-1DE6D7A4EEAF}.Debug|Any CPU.ActiveCfg = Debug|Any CPU
		{A6DDA71B-70A2-44A1-9DE7-1DE6D7A4EEAF}.Debug|Any CPU.Build.0 = Debug|Any CPU
		{A6DDA71B-70A2-44A1-9DE7-1DE6D7A4EEAF}.Debug|Any CPU.Deploy.0 = Debug|Any CPU
		{A6DDA71B-70A2-44A1-9DE7-1DE6D7A4EEAF}.Debug|ARM.ActiveCfg = Debug|Any CPU
		{A6DDA71B-70A2-44A1-9DE7-1DE6D7A4EEAF}.Debug|ARM.Build.0 = Debug|Any CPU
		{A6DDA71B-70A2-44A1-9DE7-1DE6D7A4EEAF}.Debug|ARM.Deploy.0 = Debug|Any CPU
		{A6DDA71B-70A2-44A1-9DE7-1DE6D7A4EEAF}.Debug|iPhone.ActiveCfg = Debug|Any CPU
		{A6DDA71B-70A2-44A1-9DE7-1DE6D7A4EEAF}.Debug|iPhone.Build.0 = Debug|Any CPU
		{A6DDA71B-70A2-44A1-9DE7-1DE6D7A4EEAF}.Debug|iPhone.Deploy.0 = Debug|Any CPU
		{A6DDA71B-70A2-44A1-9DE7-1DE6D7A4EEAF}.Debug|iPhoneSimulator.ActiveCfg = Debug|Any CPU
		{A6DDA71B-70A2-44A1-9DE7-1DE6D7A4EEAF}.Debug|iPhoneSimulator.Build.0 = Debug|Any CPU
		{A6DDA71B-70A2-44A1-9DE7-1DE6D7A4EEAF}.Debug|iPhoneSimulator.Deploy.0 = Debug|Any CPU
		{A6DDA71B-70A2-44A1-9DE7-1DE6D7A4EEAF}.Debug|x64.ActiveCfg = Debug|Any CPU
		{A6DDA71B-70A2-44A1-9DE7-1DE6D7A4EEAF}.Debug|x64.Build.0 = Debug|Any CPU
		{A6DDA71B-70A2-44A1-9DE7-1DE6D7A4EEAF}.Debug|x64.Deploy.0 = Debug|Any CPU
		{A6DDA71B-70A2-44A1-9DE7-1DE6D7A4EEAF}.Debug|x86.ActiveCfg = Debug|Any CPU
		{A6DDA71B-70A2-44A1-9DE7-1DE6D7A4EEAF}.Debug|x86.Build.0 = Debug|Any CPU
		{A6DDA71B-70A2-44A1-9DE7-1DE6D7A4EEAF}.Debug|x86.Deploy.0 = Debug|Any CPU
		{A6DDA71B-70A2-44A1-9DE7-1DE6D7A4EEAF}.Release|Any CPU.ActiveCfg = Release|Any CPU
		{A6DDA71B-70A2-44A1-9DE7-1DE6D7A4EEAF}.Release|Any CPU.Build.0 = Release|Any CPU
		{A6DDA71B-70A2-44A1-9DE7-1DE6D7A4EEAF}.Release|Any CPU.Deploy.0 = Release|Any CPU
		{A6DDA71B-70A2-44A1-9DE7-1DE6D7A4EEAF}.Release|ARM.ActiveCfg = Release|Any CPU
		{A6DDA71B-70A2-44A1-9DE7-1DE6D7A4EEAF}.Release|ARM.Build.0 = Release|Any CPU
		{A6DDA71B-70A2-44A1-9DE7-1DE6D7A4EEAF}.Release|ARM.Deploy.0 = Release|Any CPU
		{A6DDA71B-70A2-44A1-9DE7-1DE6D7A4EEAF}.Release|iPhone.ActiveCfg = Release|Any CPU
		{A6DDA71B-70A2-44A1-9DE7-1DE6D7A4EEAF}.Release|iPhone.Build.0 = Release|Any CPU
		{A6DDA71B-70A2-44A1-9DE7-1DE6D7A4EEAF}.Release|iPhone.Deploy.0 = Release|Any CPU
		{A6DDA71B-70A2-44A1-9DE7-1DE6D7A4EEAF}.Release|iPhoneSimulator.ActiveCfg = Release|Any CPU
		{A6DDA71B-70A2-44A1-9DE7-1DE6D7A4EEAF}.Release|iPhoneSimulator.Build.0 = Release|Any CPU
		{A6DDA71B-70A2-44A1-9DE7-1DE6D7A4EEAF}.Release|iPhoneSimulator.Deploy.0 = Release|Any CPU
		{A6DDA71B-70A2-44A1-9DE7-1DE6D7A4EEAF}.Release|x64.ActiveCfg = Release|Any CPU
		{A6DDA71B-70A2-44A1-9DE7-1DE6D7A4EEAF}.Release|x64.Build.0 = Release|Any CPU
		{A6DDA71B-70A2-44A1-9DE7-1DE6D7A4EEAF}.Release|x64.Deploy.0 = Release|Any CPU
		{A6DDA71B-70A2-44A1-9DE7-1DE6D7A4EEAF}.Release|x86.ActiveCfg = Release|Any CPU
		{A6DDA71B-70A2-44A1-9DE7-1DE6D7A4EEAF}.Release|x86.Build.0 = Release|Any CPU
		{A6DDA71B-70A2-44A1-9DE7-1DE6D7A4EEAF}.Release|x86.Deploy.0 = Release|Any CPU
	EndGlobalSection
	GlobalSection(SolutionProperties) = preSolution
		HideSolutionNode = FALSE
	EndGlobalSection
	GlobalSection(ExtensibilityGlobals) = postSolution
		SolutionGuid = {173B1063-DBEE-4D70-92BA-39BFA46A4E4C}
	EndGlobalSection
EndGlobal
